// !$*UTF8*$!
{
	archiveVersion = 1;
	classes = {
	};
	objectVersion = 56;
	objects = {

/* Begin PBXBuildFile section */
		696E612E2B8A300500C97D58 /* AppDelegate.swift in Sources */ = {isa = PBXBuildFile; fileRef = 696E612D2B8A300500C97D58 /* AppDelegate.swift */; };
		696E61302B8A300500C97D58 /* SceneDelegate.swift in Sources */ = {isa = PBXBuildFile; fileRef = 696E612F2B8A300500C97D58 /* SceneDelegate.swift */; };
		696E61352B8A300500C97D58 /* Main.storyboard in Resources */ = {isa = PBXBuildFile; fileRef = 696E61332B8A300500C97D58 /* Main.storyboard */; };
		696E61372B8A300900C97D58 /* Assets.xcassets in Resources */ = {isa = PBXBuildFile; fileRef = 696E61362B8A300900C97D58 /* Assets.xcassets */; };
		696E613A2B8A300900C97D58 /* LaunchScreen.storyboard in Resources */ = {isa = PBXBuildFile; fileRef = 696E61382B8A300900C97D58 /* LaunchScreen.storyboard */; };
		696E61CB2B8BCC4300C97D58 /* EditorViewController.swift in Sources */ = {isa = PBXBuildFile; fileRef = 696E61CA2B8BCC4300C97D58 /* EditorViewController.swift */; };
		696E61CF2B8BCC6A00C97D58 /* BlockCell.swift in Sources */ = {isa = PBXBuildFile; fileRef = 696E61CE2B8BCC6A00C97D58 /* BlockCell.swift */; };
		698F67732B8BE0F500B86821 /* SnapKit in Frameworks */ = {isa = PBXBuildFile; productRef = 698F67722B8BE0F500B86821 /* SnapKit */; };
		698F67752B8BE28C00B86821 /* Constants.swift in Sources */ = {isa = PBXBuildFile; fileRef = 698F67742B8BE28C00B86821 /* Constants.swift */; };
		69CB46852B8BE598007E2BAA /* BlockView.swift in Sources */ = {isa = PBXBuildFile; fileRef = 69CB46842B8BE598007E2BAA /* BlockView.swift */; };
		69CB46872B8BE81D007E2BAA /* Block.swift in Sources */ = {isa = PBXBuildFile; fileRef = 69CB46862B8BE81D007E2BAA /* Block.swift */; };
		69CB46892B8BE8AB007E2BAA /* UIView+Extensions.swift in Sources */ = {isa = PBXBuildFile; fileRef = 69CB46882B8BE8AB007E2BAA /* UIView+Extensions.swift */; };
		69CB468B2B8BEA90007E2BAA /* FileSystemManager.swift in Sources */ = {isa = PBXBuildFile; fileRef = 69CB468A2B8BEA90007E2BAA /* FileSystemManager.swift */; };
/* End PBXBuildFile section */

/* Begin PBXFileReference section */
		696E612A2B8A300500C97D58 /* Scene-Apple.app */ = {isa = PBXFileReference; explicitFileType = wrapper.application; includeInIndex = 0; path = "Scene-Apple.app"; sourceTree = BUILT_PRODUCTS_DIR; };
		696E612D2B8A300500C97D58 /* AppDelegate.swift */ = {isa = PBXFileReference; lastKnownFileType = sourcecode.swift; path = AppDelegate.swift; sourceTree = "<group>"; };
		696E612F2B8A300500C97D58 /* SceneDelegate.swift */ = {isa = PBXFileReference; lastKnownFileType = sourcecode.swift; path = SceneDelegate.swift; sourceTree = "<group>"; };
		696E61342B8A300500C97D58 /* Base */ = {isa = PBXFileReference; lastKnownFileType = file.storyboard; name = Base; path = Base.lproj/Main.storyboard; sourceTree = "<group>"; };
		696E61362B8A300900C97D58 /* Assets.xcassets */ = {isa = PBXFileReference; lastKnownFileType = folder.assetcatalog; path = Assets.xcassets; sourceTree = "<group>"; };
		696E61392B8A300900C97D58 /* Base */ = {isa = PBXFileReference; lastKnownFileType = file.storyboard; name = Base; path = Base.lproj/LaunchScreen.storyboard; sourceTree = "<group>"; };
		696E613B2B8A300900C97D58 /* Info.plist */ = {isa = PBXFileReference; lastKnownFileType = text.plist.xml; path = Info.plist; sourceTree = "<group>"; };
		696E61CA2B8BCC4300C97D58 /* EditorViewController.swift */ = {isa = PBXFileReference; fileEncoding = 4; lastKnownFileType = sourcecode.swift; path = EditorViewController.swift; sourceTree = "<group>"; };
		696E61CE2B8BCC6A00C97D58 /* BlockCell.swift */ = {isa = PBXFileReference; fileEncoding = 4; lastKnownFileType = sourcecode.swift; path = BlockCell.swift; sourceTree = "<group>"; };
		698F67742B8BE28C00B86821 /* Constants.swift */ = {isa = PBXFileReference; lastKnownFileType = sourcecode.swift; path = Constants.swift; sourceTree = "<group>"; };
		69CB46842B8BE598007E2BAA /* BlockView.swift */ = {isa = PBXFileReference; lastKnownFileType = sourcecode.swift; path = BlockView.swift; sourceTree = "<group>"; };
		69CB46862B8BE81D007E2BAA /* Block.swift */ = {isa = PBXFileReference; lastKnownFileType = sourcecode.swift; path = Block.swift; sourceTree = "<group>"; };
		69CB46882B8BE8AB007E2BAA /* UIView+Extensions.swift */ = {isa = PBXFileReference; lastKnownFileType = sourcecode.swift; path = "UIView+Extensions.swift"; sourceTree = "<group>"; };
		69CB468A2B8BEA90007E2BAA /* FileSystemManager.swift */ = {isa = PBXFileReference; lastKnownFileType = sourcecode.swift; path = FileSystemManager.swift; sourceTree = "<group>"; };
		69CB468C2B8BF471007E2BAA /* Scene-Apple.entitlements */ = {isa = PBXFileReference; lastKnownFileType = text.plist.entitlements; path = "Scene-Apple.entitlements"; sourceTree = "<group>"; };
/* End PBXFileReference section */

/* Begin PBXFrameworksBuildPhase section */
		696E61272B8A300500C97D58 /* Frameworks */ = {
			isa = PBXFrameworksBuildPhase;
			buildActionMask = 2147483647;
			files = (
				698F67732B8BE0F500B86821 /* SnapKit in Frameworks */,
			);
			runOnlyForDeploymentPostprocessing = 0;
		};
/* End PBXFrameworksBuildPhase section */

/* Begin PBXGroup section */
		696E61212B8A300500C97D58 = {
			isa = PBXGroup;
			children = (
				696E612C2B8A300500C97D58 /* Scene-Apple */,
				696E612B2B8A300500C97D58 /* Products */,
			);
			sourceTree = "<group>";
		};
		696E612B2B8A300500C97D58 /* Products */ = {
			isa = PBXGroup;
			children = (
				696E612A2B8A300500C97D58 /* Scene-Apple.app */,
			);
			name = Products;
			sourceTree = "<group>";
		};
		696E612C2B8A300500C97D58 /* Scene-Apple */ = {
			isa = PBXGroup;
			children = (
				696E61CA2B8BCC4300C97D58 /* EditorViewController.swift */,
				696E61CE2B8BCC6A00C97D58 /* BlockCell.swift */,
				69CB46842B8BE598007E2BAA /* BlockView.swift */,
				69CB46862B8BE81D007E2BAA /* Block.swift */,
				69CB468A2B8BEA90007E2BAA /* FileSystemManager.swift */,
				698F67742B8BE28C00B86821 /* Constants.swift */,
				69CB46882B8BE8AB007E2BAA /* UIView+Extensions.swift */,
				696E61362B8A300900C97D58 /* Assets.xcassets */,
				69CB468C2B8BF471007E2BAA /* Scene-Apple.entitlements */,
				696E61382B8A300900C97D58 /* LaunchScreen.storyboard */,
				696E61332B8A300500C97D58 /* Main.storyboard */,
				696E612D2B8A300500C97D58 /* AppDelegate.swift */,
				696E612F2B8A300500C97D58 /* SceneDelegate.swift */,
				696E613B2B8A300900C97D58 /* Info.plist */,
			);
			path = "Scene-Apple";
			sourceTree = "<group>";
		};
/* End PBXGroup section */

/* Begin PBXNativeTarget section */
		696E61292B8A300500C97D58 /* Scene-Apple */ = {
			isa = PBXNativeTarget;
			buildConfigurationList = 696E613E2B8A300900C97D58 /* Build configuration list for PBXNativeTarget "Scene-Apple" */;
			buildPhases = (
				696E61262B8A300500C97D58 /* Sources */,
				696E61272B8A300500C97D58 /* Frameworks */,
				696E61282B8A300500C97D58 /* Resources */,
			);
			buildRules = (
			);
			dependencies = (
			);
			name = "Scene-Apple";
			packageProductDependencies = (
				698F67722B8BE0F500B86821 /* SnapKit */,
			);
			productName = "Scene-Apple";
			productReference = 696E612A2B8A300500C97D58 /* Scene-Apple.app */;
			productType = "com.apple.product-type.application";
		};
/* End PBXNativeTarget section */

/* Begin PBXProject section */
		696E61222B8A300500C97D58 /* Project object */ = {
			isa = PBXProject;
			attributes = {
				BuildIndependentTargetsInParallel = 1;
				LastSwiftUpdateCheck = 1520;
				LastUpgradeCheck = 1520;
				TargetAttributes = {
					696E61292B8A300500C97D58 = {
						CreatedOnToolsVersion = 15.2;
					};
				};
			};
			buildConfigurationList = 696E61252B8A300500C97D58 /* Build configuration list for PBXProject "Scene-Apple" */;
			compatibilityVersion = "Xcode 14.0";
			developmentRegion = en;
			hasScannedForEncodings = 0;
			knownRegions = (
				en,
				Base,
			);
			mainGroup = 696E61212B8A300500C97D58;
			packageReferences = (
				698F67712B8BE0F500B86821 /* XCRemoteSwiftPackageReference "SnapKit" */,
			);
			productRefGroup = 696E612B2B8A300500C97D58 /* Products */;
			projectDirPath = "";
			projectRoot = "";
			targets = (
				696E61292B8A300500C97D58 /* Scene-Apple */,
			);
		};
/* End PBXProject section */

/* Begin PBXResourcesBuildPhase section */
		696E61282B8A300500C97D58 /* Resources */ = {
			isa = PBXResourcesBuildPhase;
			buildActionMask = 2147483647;
			files = (
				696E613A2B8A300900C97D58 /* LaunchScreen.storyboard in Resources */,
				696E61372B8A300900C97D58 /* Assets.xcassets in Resources */,
				696E61352B8A300500C97D58 /* Main.storyboard in Resources */,
			);
			runOnlyForDeploymentPostprocessing = 0;
		};
/* End PBXResourcesBuildPhase section */

/* Begin PBXSourcesBuildPhase section */
		696E61262B8A300500C97D58 /* Sources */ = {
			isa = PBXSourcesBuildPhase;
			buildActionMask = 2147483647;
			files = (
				698F67752B8BE28C00B86821 /* Constants.swift in Sources */,
				69CB46872B8BE81D007E2BAA /* Block.swift in Sources */,
				696E612E2B8A300500C97D58 /* AppDelegate.swift in Sources */,
				696E61CF2B8BCC6A00C97D58 /* BlockCell.swift in Sources */,
				696E61CB2B8BCC4300C97D58 /* EditorViewController.swift in Sources */,
				69CB46852B8BE598007E2BAA /* BlockView.swift in Sources */,
				69CB46892B8BE8AB007E2BAA /* UIView+Extensions.swift in Sources */,
				69CB468B2B8BEA90007E2BAA /* FileSystemManager.swift in Sources */,
				696E61302B8A300500C97D58 /* SceneDelegate.swift in Sources */,
			);
			runOnlyForDeploymentPostprocessing = 0;
		};
/* End PBXSourcesBuildPhase section */

/* Begin PBXVariantGroup section */
		696E61332B8A300500C97D58 /* Main.storyboard */ = {
			isa = PBXVariantGroup;
			children = (
				696E61342B8A300500C97D58 /* Base */,
			);
			name = Main.storyboard;
			sourceTree = "<group>";
		};
		696E61382B8A300900C97D58 /* LaunchScreen.storyboard */ = {
			isa = PBXVariantGroup;
			children = (
				696E61392B8A300900C97D58 /* Base */,
			);
			name = LaunchScreen.storyboard;
			sourceTree = "<group>";
		};
/* End PBXVariantGroup section */

/* Begin XCBuildConfiguration section */
		696E613C2B8A300900C97D58 /* Debug */ = {
			isa = XCBuildConfiguration;
			buildSettings = {
				ALWAYS_SEARCH_USER_PATHS = NO;
				ASSETCATALOG_COMPILER_GENERATE_SWIFT_ASSET_SYMBOL_EXTENSIONS = YES;
				CLANG_ANALYZER_NONNULL = YES;
				CLANG_ANALYZER_NUMBER_OBJECT_CONVERSION = YES_AGGRESSIVE;
				CLANG_CXX_LANGUAGE_STANDARD = "gnu++20";
				CLANG_ENABLE_MODULES = YES;
				CLANG_ENABLE_OBJC_ARC = YES;
				CLANG_ENABLE_OBJC_WEAK = YES;
				CLANG_WARN_BLOCK_CAPTURE_AUTORELEASING = YES;
				CLANG_WARN_BOOL_CONVERSION = YES;
				CLANG_WARN_COMMA = YES;
				CLANG_WARN_CONSTANT_CONVERSION = YES;
				CLANG_WARN_DEPRECATED_OBJC_IMPLEMENTATIONS = YES;
				CLANG_WARN_DIRECT_OBJC_ISA_USAGE = YES_ERROR;
				CLANG_WARN_DOCUMENTATION_COMMENTS = YES;
				CLANG_WARN_EMPTY_BODY = YES;
				CLANG_WARN_ENUM_CONVERSION = YES;
				CLANG_WARN_INFINITE_RECURSION = YES;
				CLANG_WARN_INT_CONVERSION = YES;
				CLANG_WARN_NON_LITERAL_NULL_CONVERSION = YES;
				CLANG_WARN_OBJC_IMPLICIT_RETAIN_SELF = YES;
				CLANG_WARN_OBJC_LITERAL_CONVERSION = YES;
				CLANG_WARN_OBJC_ROOT_CLASS = YES_ERROR;
				CLANG_WARN_QUOTED_INCLUDE_IN_FRAMEWORK_HEADER = YES;
				CLANG_WARN_RANGE_LOOP_ANALYSIS = YES;
				CLANG_WARN_STRICT_PROTOTYPES = YES;
				CLANG_WARN_SUSPICIOUS_MOVE = YES;
				CLANG_WARN_UNGUARDED_AVAILABILITY = YES_AGGRESSIVE;
				CLANG_WARN_UNREACHABLE_CODE = YES;
				CLANG_WARN__DUPLICATE_METHOD_MATCH = YES;
				COPY_PHASE_STRIP = NO;
				DEBUG_INFORMATION_FORMAT = dwarf;
				ENABLE_STRICT_OBJC_MSGSEND = YES;
				ENABLE_TESTABILITY = YES;
				ENABLE_USER_SCRIPT_SANDBOXING = YES;
				GCC_C_LANGUAGE_STANDARD = gnu17;
				GCC_DYNAMIC_NO_PIC = NO;
				GCC_NO_COMMON_BLOCKS = YES;
				GCC_OPTIMIZATION_LEVEL = 0;
				GCC_PREPROCESSOR_DEFINITIONS = (
					"DEBUG=1",
					"$(inherited)",
				);
				GCC_WARN_64_TO_32_BIT_CONVERSION = YES;
				GCC_WARN_ABOUT_RETURN_TYPE = YES_ERROR;
				GCC_WARN_UNDECLARED_SELECTOR = YES;
				GCC_WARN_UNINITIALIZED_AUTOS = YES_AGGRESSIVE;
				GCC_WARN_UNUSED_FUNCTION = YES;
				GCC_WARN_UNUSED_VARIABLE = YES;
				IPHONEOS_DEPLOYMENT_TARGET = 17.2;
				LOCALIZATION_PREFERS_STRING_CATALOGS = YES;
				MTL_ENABLE_DEBUG_INFO = INCLUDE_SOURCE;
				MTL_FAST_MATH = YES;
				ONLY_ACTIVE_ARCH = YES;
				SDKROOT = iphoneos;
				SWIFT_ACTIVE_COMPILATION_CONDITIONS = "DEBUG $(inherited)";
				SWIFT_OPTIMIZATION_LEVEL = "-Onone";
			};
			name = Debug;
		};
		696E613D2B8A300900C97D58 /* Release */ = {
			isa = XCBuildConfiguration;
			buildSettings = {
				ALWAYS_SEARCH_USER_PATHS = NO;
				ASSETCATALOG_COMPILER_GENERATE_SWIFT_ASSET_SYMBOL_EXTENSIONS = YES;
				CLANG_ANALYZER_NONNULL = YES;
				CLANG_ANALYZER_NUMBER_OBJECT_CONVERSION = YES_AGGRESSIVE;
				CLANG_CXX_LANGUAGE_STANDARD = "gnu++20";
				CLANG_ENABLE_MODULES = YES;
				CLANG_ENABLE_OBJC_ARC = YES;
				CLANG_ENABLE_OBJC_WEAK = YES;
				CLANG_WARN_BLOCK_CAPTURE_AUTORELEASING = YES;
				CLANG_WARN_BOOL_CONVERSION = YES;
				CLANG_WARN_COMMA = YES;
				CLANG_WARN_CONSTANT_CONVERSION = YES;
				CLANG_WARN_DEPRECATED_OBJC_IMPLEMENTATIONS = YES;
				CLANG_WARN_DIRECT_OBJC_ISA_USAGE = YES_ERROR;
				CLANG_WARN_DOCUMENTATION_COMMENTS = YES;
				CLANG_WARN_EMPTY_BODY = YES;
				CLANG_WARN_ENUM_CONVERSION = YES;
				CLANG_WARN_INFINITE_RECURSION = YES;
				CLANG_WARN_INT_CONVERSION = YES;
				CLANG_WARN_NON_LITERAL_NULL_CONVERSION = YES;
				CLANG_WARN_OBJC_IMPLICIT_RETAIN_SELF = YES;
				CLANG_WARN_OBJC_LITERAL_CONVERSION = YES;
				CLANG_WARN_OBJC_ROOT_CLASS = YES_ERROR;
				CLANG_WARN_QUOTED_INCLUDE_IN_FRAMEWORK_HEADER = YES;
				CLANG_WARN_RANGE_LOOP_ANALYSIS = YES;
				CLANG_WARN_STRICT_PROTOTYPES = YES;
				CLANG_WARN_SUSPICIOUS_MOVE = YES;
				CLANG_WARN_UNGUARDED_AVAILABILITY = YES_AGGRESSIVE;
				CLANG_WARN_UNREACHABLE_CODE = YES;
				CLANG_WARN__DUPLICATE_METHOD_MATCH = YES;
				COPY_PHASE_STRIP = NO;
				DEBUG_INFORMATION_FORMAT = "dwarf-with-dsym";
				ENABLE_NS_ASSERTIONS = NO;
				ENABLE_STRICT_OBJC_MSGSEND = YES;
				ENABLE_USER_SCRIPT_SANDBOXING = YES;
				GCC_C_LANGUAGE_STANDARD = gnu17;
				GCC_NO_COMMON_BLOCKS = YES;
				GCC_WARN_64_TO_32_BIT_CONVERSION = YES;
				GCC_WARN_ABOUT_RETURN_TYPE = YES_ERROR;
				GCC_WARN_UNDECLARED_SELECTOR = YES;
				GCC_WARN_UNINITIALIZED_AUTOS = YES_AGGRESSIVE;
				GCC_WARN_UNUSED_FUNCTION = YES;
				GCC_WARN_UNUSED_VARIABLE = YES;
				IPHONEOS_DEPLOYMENT_TARGET = 17.2;
				LOCALIZATION_PREFERS_STRING_CATALOGS = YES;
				MTL_ENABLE_DEBUG_INFO = NO;
				MTL_FAST_MATH = YES;
				SDKROOT = iphoneos;
				SWIFT_COMPILATION_MODE = wholemodule;
				VALIDATE_PRODUCT = YES;
			};
			name = Release;
		};
		696E613F2B8A300900C97D58 /* Debug */ = {
			isa = XCBuildConfiguration;
			buildSettings = {
				ASSETCATALOG_COMPILER_APPICON_NAME = AppIcon;
				ASSETCATALOG_COMPILER_GLOBAL_ACCENT_COLOR_NAME = AccentColor;
				CODE_SIGN_ENTITLEMENTS = "Scene-Apple/Scene-Apple.entitlements";
				CODE_SIGN_STYLE = Automatic;
				CURRENT_PROJECT_VERSION = 1;
				DEVELOPMENT_TEAM = 9TZZKGNZ6W;
				GENERATE_INFOPLIST_FILE = YES;
				INFOPLIST_FILE = "Scene-Apple/Info.plist";
				INFOPLIST_KEY_UIApplicationSupportsIndirectInputEvents = YES;
				INFOPLIST_KEY_UILaunchStoryboardName = LaunchScreen;
				INFOPLIST_KEY_UIMainStoryboardFile = Main;
				INFOPLIST_KEY_UISupportedInterfaceOrientations_iPad = "UIInterfaceOrientationPortrait UIInterfaceOrientationPortraitUpsideDown UIInterfaceOrientationLandscapeLeft UIInterfaceOrientationLandscapeRight";
				INFOPLIST_KEY_UISupportedInterfaceOrientations_iPhone = "UIInterfaceOrientationPortrait UIInterfaceOrientationLandscapeLeft UIInterfaceOrientationLandscapeRight";
				LD_RUNPATH_SEARCH_PATHS = (
					"$(inherited)",
					"@executable_path/Frameworks",
				);
				MARKETING_VERSION = 1.0;
				PRODUCT_BUNDLE_IDENTIFIER = com.il.scene.apple;
				PRODUCT_NAME = "$(TARGET_NAME)";
				SWIFT_EMIT_LOC_STRINGS = YES;
				SWIFT_VERSION = 5.0;
				TARGETED_DEVICE_FAMILY = "1,2";
			};
			name = Debug;
		};
		696E61402B8A300900C97D58 /* Release */ = {
			isa = XCBuildConfiguration;
			buildSettings = {
				ASSETCATALOG_COMPILER_APPICON_NAME = AppIcon;
				ASSETCATALOG_COMPILER_GLOBAL_ACCENT_COLOR_NAME = AccentColor;
				CODE_SIGN_ENTITLEMENTS = "Scene-Apple/Scene-Apple.entitlements";
				CODE_SIGN_STYLE = Automatic;
				CURRENT_PROJECT_VERSION = 1;
				DEVELOPMENT_TEAM = 9TZZKGNZ6W;
				GENERATE_INFOPLIST_FILE = YES;
				INFOPLIST_FILE = "Scene-Apple/Info.plist";
				INFOPLIST_KEY_UIApplicationSupportsIndirectInputEvents = YES;
				INFOPLIST_KEY_UILaunchStoryboardName = LaunchScreen;
				INFOPLIST_KEY_UIMainStoryboardFile = Main;
				INFOPLIST_KEY_UISupportedInterfaceOrientations_iPad = "UIInterfaceOrientationPortrait UIInterfaceOrientationPortraitUpsideDown UIInterfaceOrientationLandscapeLeft UIInterfaceOrientationLandscapeRight";
				INFOPLIST_KEY_UISupportedInterfaceOrientations_iPhone = "UIInterfaceOrientationPortrait UIInterfaceOrientationLandscapeLeft UIInterfaceOrientationLandscapeRight";
				LD_RUNPATH_SEARCH_PATHS = (
					"$(inherited)",
					"@executable_path/Frameworks",
				);
				MARKETING_VERSION = 1.0;
				PRODUCT_BUNDLE_IDENTIFIER = com.il.scene.apple;
				PRODUCT_NAME = "$(TARGET_NAME)";
				SWIFT_EMIT_LOC_STRINGS = YES;
				SWIFT_VERSION = 5.0;
				TARGETED_DEVICE_FAMILY = "1,2";
			};
			name = Release;
		};
/* End XCBuildConfiguration section */

/* Begin XCConfigurationList section */
		696E61252B8A300500C97D58 /* Build configuration list for PBXProject "Scene-Apple" */ = {
			isa = XCConfigurationList;
			buildConfigurations = (
				696E613C2B8A300900C97D58 /* Debug */,
				696E613D2B8A300900C97D58 /* Release */,
			);
			defaultConfigurationIsVisible = 0;
			defaultConfigurationName = Release;
		};
		696E613E2B8A300900C97D58 /* Build configuration list for PBXNativeTarget "Scene-Apple" */ = {
			isa = XCConfigurationList;
			buildConfigurations = (
				696E613F2B8A300900C97D58 /* Debug */,
				696E61402B8A300900C97D58 /* Release */,
			);
			defaultConfigurationIsVisible = 0;
			defaultConfigurationName = Release;
		};
/* End XCConfigurationList section */

/* Begin XCRemoteSwiftPackageReference section */
		698F67712B8BE0F500B86821 /* XCRemoteSwiftPackageReference "SnapKit" */ = {
			isa = XCRemoteSwiftPackageReference;
			repositoryURL = "https://github.com/SnapKit/SnapKit";
			requirement = {
				kind = upToNextMajorVersion;
				minimumVersion = 5.7.1;
			};
		};
/* End XCRemoteSwiftPackageReference section */

/* Begin XCSwiftPackageProductDependency section */
		698F67722B8BE0F500B86821 /* SnapKit */ = {
			isa = XCSwiftPackageProductDependency;
			package = 698F67712B8BE0F500B86821 /* XCRemoteSwiftPackageReference "SnapKit" */;
			productName = SnapKit;
		};
/* End XCSwiftPackageProductDependency section */
	};
	rootObject = 696E61222B8A300500C97D58 /* Project object */;
}
